github.com/gorilla/websocket v1.5.2 h1:qoW6V1GT3aZxybsbC6oLnailWnB+qTMVwMreOso9XUw=
github.com/gorilla/websocket v1.5.2/go.mod h1:0n9H61RBAcf5/38py2MCYbxzPIY9rOkpvvMT24Rqs30=
golang.org/x/net v0.23.0 h1:7EYJ93RZ9vYSZAIb2x3lnuvqO5zneoD6IvWjuhfxjTs=
golang.org/x/net v0.23.0/go.mod h1:JKghWKKOSdJwpW2GEx0Ja7fmaKnMsbu+MWVZTokSYmg=
golang.org/x/time v0.5.0 h1:o7cqy6amK/52YcAKIPlM3a+Fpj35zvRj2TP+e1xFSfk=
golang.org/x/time v0.5.0/go.mod h1:3BpzKBy/shNhVucY/MWOyx10tF3SFh9QdLuxbVysPQM=
